// !$*UTF8*$!
{
	archiveVersion = 1;
	classes = {
	};
	objectVersion = 46;
	objects = {

/* Begin PBXBuildFile section */
		DA7272091ECABE2F002D9A75 /* AppDelegate.swift in Sources */ = {isa = PBXBuildFile; fileRef = DA7272081ECABE2F002D9A75 /* AppDelegate.swift */; };
		DA72720B1ECABE2F002D9A75 /* ViewController.swift in Sources */ = {isa = PBXBuildFile; fileRef = DA72720A1ECABE2F002D9A75 /* ViewController.swift */; };
		DA7272101ECABE2F002D9A75 /* Assets.xcassets in Resources */ = {isa = PBXBuildFile; fileRef = DA72720F1ECABE2F002D9A75 /* Assets.xcassets */; };
		DA7272131ECABE2F002D9A75 /* LaunchScreen.storyboard in Resources */ = {isa = PBXBuildFile; fileRef = DA7272111ECABE2F002D9A75 /* LaunchScreen.storyboard */; };
/* End PBXBuildFile section */

/* Begin PBXFileReference section */
		DA7272051ECABE2F002D9A75 /* FBNewsFeed.app */ = {isa = PBXFileReference; explicitFileType = wrapper.application; includeInIndex = 0; path = FBNewsFeed.app; sourceTree = BUILT_PRODUCTS_DIR; };
		DA7272081ECABE2F002D9A75 /* AppDelegate.swift */ = {isa = PBXFileReference; lastKnownFileType = sourcecode.swift; path = AppDelegate.swift; sourceTree = "<group>"; };
		DA72720A1ECABE2F002D9A75 /* ViewController.swift */ = {isa = PBXFileReference; lastKnownFileType = sourcecode.swift; path = ViewController.swift; sourceTree = "<group>"; };
		DA72720F1ECABE2F002D9A75 /* Assets.xcassets */ = {isa = PBXFileReference; lastKnownFileType = folder.assetcatalog; path = Assets.xcassets; sourceTree = "<group>"; };
		DA7272121ECABE2F002D9A75 /* Base */ = {isa = PBXFileReference; lastKnownFileType = file.storyboard; name = Base; path = Base.lproj/LaunchScreen.storyboard; sourceTree = "<group>"; };
		DA7272141ECABE2F002D9A75 /* Info.plist */ = {isa = PBXFileReference; lastKnownFileType = text.plist.xml; path = Info.plist; sourceTree = "<group>"; };
/* End PBXFileReference section */

/* Begin PBXFrameworksBuildPhase section */
		DA7272021ECABE2F002D9A75 /* Frameworks */ = {
			isa = PBXFrameworksBuildPhase;
			buildActionMask = 2147483647;
			files = (
			);
			runOnlyForDeploymentPostprocessing = 0;
		};
/* End PBXFrameworksBuildPhase section */

/* Begin PBXGroup section */
		DA7271FC1ECABE2F002D9A75 = {
			isa = PBXGroup;
			children = (
				DA7272071ECABE2F002D9A75 /* FBNewsFeed */,
				DA7272061ECABE2F002D9A75 /* Products */,
			);
			sourceTree = "<group>";
		};
		DA7272061ECABE2F002D9A75 /* Products */ = {
			isa = PBXGroup;
			children = (
				DA7272051ECABE2F002D9A75 /* FBNewsFeed.app */,
			);
			name = Products;
			sourceTree = "<group>";
		};
		DA7272071ECABE2F002D9A75 /* FBNewsFeed */ = {
			isa = PBXGroup;
			children = (
				DA7272081ECABE2F002D9A75 /* AppDelegate.swift */,
				DA72720A1ECABE2F002D9A75 /* ViewController.swift */,
				DA72720F1ECABE2F002D9A75 /* Assets.xcassets */,
				DA7272111ECABE2F002D9A75 /* LaunchScreen.storyboard */,
				DA7272141ECABE2F002D9A75 /* Info.plist */,
			);
			path = FBNewsFeed;
			sourceTree = "<group>";
		};
/* End PBXGroup section */

/* Begin PBXNativeTarget section */
		DA7272041ECABE2F002D9A75 /* FBNewsFeed */ = {
			isa = PBXNativeTarget;
			buildConfigurationList = DA7272171ECABE2F002D9A75 /* Build configuration list for PBXNativeTarget "FBNewsFeed" */;
			buildPhases = (
				DA7272011ECABE2F002D9A75 /* Sources */,
				DA7272021ECABE2F002D9A75 /* Frameworks */,
				DA7272031ECABE2F002D9A75 /* Resources */,
			);
			buildRules = (
			);
			dependencies = (
			);
			name = FBNewsFeed;
			productName = FBNewsFeed;
			productReference = DA7272051ECABE2F002D9A75 /* FBNewsFeed.app */;
			productType = "com.apple.product-type.application";
		};
/* End PBXNativeTarget section */

/* Begin PBXProject section */
		DA7271FD1ECABE2F002D9A75 /* Project object */ = {
			isa = PBXProject;
			attributes = {
				LastSwiftUpdateCheck = 0830;
				LastUpgradeCheck = 0830;
				ORGANIZATIONNAME = leomoon;
				TargetAttributes = {
					DA7272041ECABE2F002D9A75 = {
						CreatedOnToolsVersion = 8.3.2;
						DevelopmentTeam = UZD8JHA5UW;
						ProvisioningStyle = Automatic;
					};
				};
			};
			buildConfigurationList = DA7272001ECABE2F002D9A75 /* Build configuration list for PBXProject "FBNewsFeed" */;
			compatibilityVersion = "Xcode 3.2";
			developmentRegion = English;
			hasScannedForEncodings = 0;
			knownRegions = (
				en,
				Base,
			);
			mainGroup = DA7271FC1ECABE2F002D9A75;
			productRefGroup = DA7272061ECABE2F002D9A75 /* Products */;
			projectDirPath = "";
			projectRoot = "";
			targets = (
				DA7272041ECABE2F002D9A75 /* FBNewsFeed */,
			);
		};
/* End PBXProject section */

/* Begin PBXResourcesBuildPhase section */
		DA7272031ECABE2F002D9A75 /* Resources */ = {
			isa = PBXResourcesBuildPhase;
			buildActionMask = 2147483647;
			files = (
				DA7272131ECABE2F002D9A75 /* LaunchScreen.storyboard in Resources */,
				DA7272101ECABE2F002D9A75 /* Assets.xcassets in Resources */,
			);
			runOnlyForDeploymentPostprocessing = 0;
		};
/* End PBXResourcesBuildPhase section */

/* Begin PBXSourcesBuildPhase section */
		DA7272011ECABE2F002D9A75 /* Sources */ = {
			isa = PBXSourcesBuildPhase;
			buildActionMask = 2147483647;
			files = (
				DA72720B1ECABE2F002D9A75 /* ViewController.swift in Sources */,
				DA7272091ECABE2F002D9A75 /* AppDelegate.swift in Sources */,
			);
			runOnlyForDeploymentPostprocessing = 0;
		};
/* End PBXSourcesBuildPhase section */

/* Begin PBXVariantGroup section */
		DA7272111ECABE2F002D9A75 /* LaunchScreen.storyboard */ = {
			isa = PBXVariantGroup;
			children = (
				DA7272121ECABE2F002D9A75 /* Base */,
			);
			name = LaunchScreen.storyboard;
			sourceTree = "<group>";
		};
/* End PBXVariantGroup section */

/* Begin XCBuildConfiguration section */
		DA7272151ECABE2F002D9A75 /* Debug */ = {
			isa = XCBuildConfiguration;
			buildSettings = {
				ALWAYS_SEARCH_USER_PATHS = NO;
				CLANG_ANALYZER_NONNULL = YES;
				CLANG_ANALYZER_NUMBER_OBJECT_CONVERSION = YES_AGGRESSIVE;
				CLANG_CXX_LANGUAGE_STANDARD = "gnu++0x";
				CLANG_CXX_LIBRARY = "libc++";
				CLANG_ENABLE_MODULES = YES;
				CLANG_ENABLE_OBJC_ARC = YES;
				CLANG_WARN_BOOL_CONVERSION = YES;
				CLANG_WARN_CONSTANT_CONVERSION = YES;
				CLANG_WARN_DIRECT_OBJC_ISA_USAGE = YES_ERROR;
				CLANG_WARN_DOCUMENTATION_COMMENTS = YES;
				CLANG_WARN_EMPTY_BODY = YES;
				CLANG_WARN_ENUM_CONVERSION = YES;
				CLANG_WARN_INFINITE_RECURSION = YES;
				CLANG_WARN_INT_CONVERSION = YES;
				CLANG_WARN_OBJC_ROOT_CLASS = YES_ERROR;
				CLANG_WARN_SUSPICIOUS_MOVE = YES;
				CLANG_WARN_UNREACHABLE_CODE = YES;
				CLANG_WARN__DUPLICATE_METHOD_MATCH = YES;
				"CODE_SIGN_IDENTITY[sdk=iphoneos*]" = "iPhone Developer";
				COPY_PHASE_STRIP = NO;
				DEBUG_INFORMATION_FORMAT = dwarf;
				ENABLE_STRICT_OBJC_MSGSEND = YES;
				ENABLE_TESTABILITY = YES;
				GCC_C_LANGUAGE_STANDARD = gnu99;
				GCC_DYNAMIC_NO_PIC = NO;
				GCC_NO_COMMON_BLOCKS = YES;
				GCC_OPTIMIZATION_LEVEL = 0;
				GCC_PREPROCESSOR_DEFINITIONS = (
					"DEBUG=1",
					"$(inherited)",
				);
				GCC_WARN_64_TO_32_BIT_CONVERSION = YES;
				GCC_WARN_ABOUT_RETURN_TYPE = YES_ERROR;
				GCC_WARN_UNDECLARED_SELECTOR = YES;
				GCC_WARN_UNINITIALIZED_AUTOS = YES_AGGRESSIVE;
				GCC_WARN_UNUSED_FUNCTION = YES;
				GCC_WARN_UNUSED_VARIABLE = YES;
				IPHONEOS_DEPLOYMENT_TARGET = 10.3;
				MTL_ENABLE_DEBUG_INFO = YES;
				ONLY_ACTIVE_ARCH = YES;
				SDKROOT = iphoneos;
				SWIFT_ACTIVE_COMPILATION_CONDITIONS = DEBUG;
				SWIFT_OPTIMIZATION_LEVEL = "-Onone";
				TARGETED_DEVICE_FAMILY = "1,2";
			};
			name = Debug;
		};
		DA7272161ECABE2F002D9A75 /* Release */ = {
			isa = XCBuildConfiguration;
			buildSettings = {
				ALWAYS_SEARCH_USER_PATHS = NO;
				CLANG_ANALYZER_NONNULL = YES;
				CLANG_ANALYZER_NUMBER_OBJECT_CONVERSION = YES_AGGRESSIVE;
				CLANG_CXX_LANGUAGE_STANDARD = "gnu++0x";
				CLANG_CXX_LIBRARY = "libc++";
				CLANG_ENABLE_MODULES = YES;
				CLANG_ENABLE_OBJC_ARC = YES;
				CLANG_WARN_BOOL_CONVERSION = YES;
				CLANG_WARN_CONSTANT_CONVERSION = YES;
				CLANG_WARN_DIRECT_OBJC_ISA_USAGE = YES_ERROR;
				CLANG_WARN_DOCUMENTATION_COMMENTS = YES;
				CLANG_WARN_EMPTY_BODY = YES;
				CLANG_WARN_ENUM_CONVERSION = YES;
				CLANG_WARN_INFINITE_RECURSION = YES;
				CLANG_WARN_INT_CONVERSION = YES;
				CLANG_WARN_OBJC_ROOT_CLASS = YES_ERROR;
				CLANG_WARN_SUSPICIOUS_MOVE = YES;
				CLANG_WARN_UNREACHABLE_CODE = YES;
				CLANG_WARN__DUPLICATE_METHOD_MATCH = YES;
				"CODE_SIGN_IDENTITY[sdk=iphoneos*]" = "iPhone Developer";
				COPY_PHASE_STRIP = NO;
				DEBUG_INFORMATION_FORMAT = "dwarf-with-dsym";
				ENABLE_NS_ASSERTIONS = NO;
				ENABLE_STRICT_OBJC_MSGSEND = YES;
				GCC_C_LANGUAGE_STANDARD = gnu99;
				GCC_NO_COMMON_BLOCKS = YES;
				GCC_WARN_64_TO_32_BIT_CONVERSION = YES;
				GCC_WARN_ABOUT_RETURN_TYPE = YES_ERROR;
				GCC_WARN_UNDECLARED_SELECTOR = YES;
				GCC_WARN_UNINITIALIZED_AUTOS = YES_AGGRESSIVE;
				GCC_WARN_UNUSED_FUNCTION = YES;
				GCC_WARN_UNUSED_VARIABLE = YES;
				IPHONEOS_DEPLOYMENT_TARGET = 10.3;
				MTL_ENABLE_DEBUG_INFO = NO;
				SDKROOT = iphoneos;
				SWIFT_OPTIMIZATION_LEVEL = "-Owholemodule";
				TARGETED_DEVICE_FAMILY = "1,2";
				VALIDATE_PRODUCT = YES;
			};
			name = Release;
		};
		DA7272181ECABE2F002D9A75 /* Debug */ = {
			isa = XCBuildConfiguration;
			buildSettings = {
				ASSETCATALOG_COMPILER_APPICON_NAME = AppIcon;
				DEVELOPMENT_TEAM = UZD8JHA5UW;
				INFOPLIST_FILE = FBNewsFeed/Info.plist;
				LD_RUNPATH_SEARCH_PATHS = "$(inherited) @executable_path/Frameworks";
				PRODUCT_BUNDLE_IDENTIFIER = com.leomoondev.FBNewsFeed;
				PRODUCT_NAME = "$(TARGET_NAME)";
				SWIFT_VERSION = 3.0;
			};
			name = Debug;
		};
		DA7272191ECABE2F002D9A75 /* Release */ = {
			isa = XCBuildConfiguration;
			buildSettings = {
				ASSETCATALOG_COMPILER_APPICON_NAME = AppIcon;
				DEVELOPMENT_TEAM = UZD8JHA5UW;
				INFOPLIST_FILE = FBNewsFeed/Info.plist;
				LD_RUNPATH_SEARCH_PATHS = "$(inherited) @executable_path/Frameworks";
				PRODUCT_BUNDLE_IDENTIFIER = com.leomoondev.FBNewsFeed;
				PRODUCT_NAME = "$(TARGET_NAME)";
				SWIFT_VERSION = 3.0;
			};
			name = Release;
		};
/* End XCBuildConfiguration section */

/* Begin XCConfigurationList section */
		DA7272001ECABE2F002D9A75 /* Build configuration list for PBXProject "FBNewsFeed" */ = {
			isa = XCConfigurationList;
			buildConfigurations = (
				DA7272151ECABE2F002D9A75 /* Debug */,
				DA7272161ECABE2F002D9A75 /* Release */,
			);
			defaultConfigurationIsVisible = 0;
			defaultConfigurationName = Release;
		};
		DA7272171ECABE2F002D9A75 /* Build configuration list for PBXNativeTarget "FBNewsFeed" */ = {
			isa = XCConfigurationList;
			buildConfigurations = (
				DA7272181ECABE2F002D9A75 /* Debug */,
				DA7272191ECABE2F002D9A75 /* Release */,
			);
			defaultConfigurationIsVisible = 0;
		};
/* End XCConfigurationList section */
	};
	rootObject = DA7271FD1ECABE2F002D9A75 /* Project object */;
}
